
Microsoft Visual Studio Solution File, Format Version 12.00
# Visual Studio Version 17
VisualStudioVersion = 17.9.34622.214
MinimumVisualStudioVersion = 10.0.40219.1
Project("{FAE04EC0-301F-11D3-BF4B-00C04F79EFBC}") = "LoggingManagerAPI", "LoggingManagerAPI\LoggingManagerAPI.csproj", "{365D075F-2FF9-4820-ABC0-5006B60F8E3D}"
EndProject
Project("{FAE04EC0-301F-11D3-BF4B-00C04F79EFBC}") = "LoggingManagerCore", "LoggingManagerCore\LoggingManagerCore.csproj", "{B8070A6E-F532-4BC3-9324-E375E378AA5E}"
EndProject
Project("{FAE04EC0-301F-11D3-BF4B-00C04F79EFBC}") = "LoggingManagerAdapters", "LoggingManagerAdapters\LoggingManagerAdapters.csproj", "{E613F2B1-187F-450C-9E5B-DFF828BBB26E}"
EndProject
Global
	GlobalSection(SolutionConfigurationPlatforms) = preSolution
		Debug|Any CPU = Debug|Any CPU
		Release|Any CPU = Release|Any CPU
	EndGlobalSection
	GlobalSection(ProjectConfigurationPlatforms) = postSolution
		{365D075F-2FF9-4820-ABC0-5006B60F8E3D}.Debug|Any CPU.ActiveCfg = Debug|Any CPU
		{365D075F-2FF9-4820-ABC0-5006B60F8E3D}.Debug|Any CPU.Build.0 = Debug|Any CPU
		{365D075F-2FF9-4820-ABC0-5006B60F8E3D}.Release|Any CPU.ActiveCfg = Release|Any CPU
		{365D075F-2FF9-4820-ABC0-5006B60F8E3D}.Release|Any CPU.Build.0 = Release|Any CPU
		{B8070A6E-F532-4BC3-9324-E375E378AA5E}.Debug|Any CPU.ActiveCfg = Debug|Any CPU
		{B8070A6E-F532-4BC3-9324-E375E378AA5E}.Debug|Any CPU.Build.0 = Debug|Any CPU
		{B8070A6E-F532-4BC3-9324-E375E378AA5E}.Release|Any CPU.ActiveCfg = Release|Any CPU
		{B8070A6E-F532-4BC3-9324-E375E378AA5E}.Release|Any CPU.Build.0 = Release|Any CPU
		{E613F2B1-187F-450C-9E5B-DFF828BBB26E}.Debug|Any CPU.ActiveCfg = Debug|Any CPU
		{E613F2B1-187F-450C-9E5B-DFF828BBB26E}.Debug|Any CPU.Build.0 = Debug|Any CPU
		{E613F2B1-187F-450C-9E5B-DFF828BBB26E}.Release|Any CPU.ActiveCfg = Release|Any CPU
		{E613F2B1-187F-450C-9E5B-DFF828BBB26E}.Release|Any CPU.Build.0 = Release|Any CPU
	EndGlobalSection
	GlobalSection(SolutionProperties) = preSolution
		HideSolutionNode = FALSE
	EndGlobalSection
	GlobalSection(ExtensibilityGlobals) = postSolution
		SolutionGuid = {825D89FE-4FA1-4260-BEE6-EF28AFC1DCDA}
	EndGlobalSection
EndGlobal
